
Microsoft Visual Studio Solution File, Format Version 12.00
# Visual Studio Version 16
VisualStudioVersion = 16.0.31729.503
MinimumVisualStudioVersion = 10.0.40219.1
Project("{FAE04EC0-301F-11D3-BF4B-00C04F79EFBC}") = "Travel.Android", "Travel\Travel.Android\Travel.Android.csproj", "{44FB685F-3438-430D-85C9-E25ECD702201}"
EndProject
Project("{FAE04EC0-301F-11D3-BF4B-00C04F79EFBC}") = "Travel.iOS", "Travel\Travel.iOS\Travel.iOS.csproj", "{EABC8BA4-5DB2-4C17-8EB9-4037055A14E1}"
EndProject
Project("{9A19103F-16F7-4668-BE54-9A1E7A4F7556}") = "Travel", "Travel\Travel\Travel.csproj", "{3F4B9377-DF75-4FC3-8513-72FDC207A058}"
EndProject
Global
	GlobalSection(SolutionConfigurationPlatforms) = preSolution
		Debug|Any CPU = Debug|Any CPU
		Debug|iPhone = Debug|iPhone
		Debug|iPhoneSimulator = Debug|iPhoneSimulator
		Release|Any CPU = Release|Any CPU
		Release|iPhone = Release|iPhone
		Release|iPhoneSimulator = Release|iPhoneSimulator
	EndGlobalSection
	GlobalSection(ProjectConfigurationPlatforms) = postSolution
		{44FB685F-3438-430D-85C9-E25ECD702201}.Debug|Any CPU.ActiveCfg = Debug|Any CPU
		{44FB685F-3438-430D-85C9-E25ECD702201}.Debug|Any CPU.Build.0 = Debug|Any CPU
		{44FB685F-3438-430D-85C9-E25ECD702201}.Debug|Any CPU.Deploy.0 = Debug|Any CPU
		{44FB685F-3438-430D-85C9-E25ECD702201}.Debug|iPhone.ActiveCfg = Debug|Any CPU
		{44FB685F-3438-430D-85C9-E25ECD702201}.Debug|iPhone.Build.0 = Debug|Any CPU
		{44FB685F-3438-430D-85C9-E25ECD702201}.Debug|iPhone.Deploy.0 = Debug|Any CPU
		{44FB685F-3438-430D-85C9-E25ECD702201}.Debug|iPhoneSimulator.ActiveCfg = Debug|Any CPU
		{44FB685F-3438-430D-85C9-E25ECD702201}.Debug|iPhoneSimulator.Build.0 = Debug|Any CPU
		{44FB685F-3438-430D-85C9-E25ECD702201}.Debug|iPhoneSimulator.Deploy.0 = Debug|Any CPU
		{44FB685F-3438-430D-85C9-E25ECD702201}.Release|Any CPU.ActiveCfg = Release|Any CPU
		{44FB685F-3438-430D-85C9-E25ECD702201}.Release|Any CPU.Build.0 = Release|Any CPU
		{44FB685F-3438-430D-85C9-E25ECD702201}.Release|Any CPU.Deploy.0 = Release|Any CPU
		{44FB685F-3438-430D-85C9-E25ECD702201}.Release|iPhone.ActiveCfg = Release|Any CPU
		{44FB685F-3438-430D-85C9-E25ECD702201}.Release|iPhone.Build.0 = Release|Any CPU
		{44FB685F-3438-430D-85C9-E25ECD702201}.Release|iPhone.Deploy.0 = Release|Any CPU
		{44FB685F-3438-430D-85C9-E25ECD702201}.Release|iPhoneSimulator.ActiveCfg = Release|Any CPU
		{44FB685F-3438-430D-85C9-E25ECD702201}.Release|iPhoneSimulator.Build.0 = Release|Any CPU
		{44FB685F-3438-430D-85C9-E25ECD702201}.Release|iPhoneSimulator.Deploy.0 = Release|Any CPU
		{EABC8BA4-5DB2-4C17-8EB9-4037055A14E1}.Debug|Any CPU.ActiveCfg = Debug|iPhone
		{EABC8BA4-5DB2-4C17-8EB9-4037055A14E1}.Debug|Any CPU.Deploy.0 = Debug|iPhone
		{EABC8BA4-5DB2-4C17-8EB9-4037055A14E1}.Debug|iPhone.ActiveCfg = Debug|iPhone
		{EABC8BA4-5DB2-4C17-8EB9-4037055A14E1}.Debug|iPhone.Build.0 = Debug|iPhone
		{EABC8BA4-5DB2-4C17-8EB9-4037055A14E1}.Debug|iPhone.Deploy.0 = Debug|iPhone
		{EABC8BA4-5DB2-4C17-8EB9-4037055A14E1}.Debug|iPhoneSimulator.ActiveCfg = Debug|iPhoneSimulator
		{EABC8BA4-5DB2-4C17-8EB9-4037055A14E1}.Debug|iPhoneSimulator.Build.0 = Debug|iPhoneSimulator
		{EABC8BA4-5DB2-4C17-8EB9-4037055A14E1}.Debug|iPhoneSimulator.Deploy.0 = Debug|iPhoneSimulator
		{EABC8BA4-5DB2-4C17-8EB9-4037055A14E1}.Release|Any CPU.ActiveCfg = Release|iPhoneSimulator
		{EABC8BA4-5DB2-4C17-8EB9-4037055A14E1}.Release|Any CPU.Build.0 = Release|iPhoneSimulator
		{EABC8BA4-5DB2-4C17-8EB9-4037055A14E1}.Release|Any CPU.Deploy.0 = Release|iPhoneSimulator
		{EABC8BA4-5DB2-4C17-8EB9-4037055A14E1}.Release|iPhone.ActiveCfg = Release|iPhone
		{EABC8BA4-5DB2-4C17-8EB9-4037055A14E1}.Release|iPhone.Build.0 = Release|iPhone
		{EABC8BA4-5DB2-4C17-8EB9-4037055A14E1}.Release|iPhone.Deploy.0 = Release|iPhone
		{EABC8BA4-5DB2-4C17-8EB9-4037055A14E1}.Release|iPhoneSimulator.ActiveCfg = Release|iPhoneSimulator
		{EABC8BA4-5DB2-4C17-8EB9-4037055A14E1}.Release|iPhoneSimulator.Build.0 = Release|iPhoneSimulator
		{EABC8BA4-5DB2-4C17-8EB9-4037055A14E1}.Release|iPhoneSimulator.Deploy.0 = Release|iPhoneSimulator
		{3F4B9377-DF75-4FC3-8513-72FDC207A058}.Debug|Any CPU.ActiveCfg = Debug|Any CPU
		{3F4B9377-DF75-4FC3-8513-72FDC207A058}.Debug|Any CPU.Build.0 = Debug|Any CPU
		{3F4B9377-DF75-4FC3-8513-72FDC207A058}.Debug|Any CPU.Deploy.0 = Debug|Any CPU
		{3F4B9377-DF75-4FC3-8513-72FDC207A058}.Debug|iPhone.ActiveCfg = Debug|Any CPU
		{3F4B9377-DF75-4FC3-8513-72FDC207A058}.Debug|iPhone.Build.0 = Debug|Any CPU
		{3F4B9377-DF75-4FC3-8513-72FDC207A058}.Debug|iPhone.Deploy.0 = Debug|Any CPU
		{3F4B9377-DF75-4FC3-8513-72FDC207A058}.Debug|iPhoneSimulator.ActiveCfg = Debug|Any CPU
		{3F4B9377-DF75-4FC3-8513-72FDC207A058}.Debug|iPhoneSimulator.Build.0 = Debug|Any CPU
		{3F4B9377-DF75-4FC3-8513-72FDC207A058}.Debug|iPhoneSimulator.Deploy.0 = Debug|Any CPU
		{3F4B9377-DF75-4FC3-8513-72FDC207A058}.Release|Any CPU.ActiveCfg = Release|Any CPU
		{3F4B9377-DF75-4FC3-8513-72FDC207A058}.Release|Any CPU.Build.0 = Release|Any CPU
		{3F4B9377-DF75-4FC3-8513-72FDC207A058}.Release|Any CPU.Deploy.0 = Release|Any CPU
		{3F4B9377-DF75-4FC3-8513-72FDC207A058}.Release|iPhone.ActiveCfg = Release|Any CPU
		{3F4B9377-DF75-4FC3-8513-72FDC207A058}.Release|iPhone.Build.0 = Release|Any CPU
		{3F4B9377-DF75-4FC3-8513-72FDC207A058}.Release|iPhone.Deploy.0 = Release|Any CPU
		{3F4B9377-DF75-4FC3-8513-72FDC207A058}.Release|iPhoneSimulator.ActiveCfg = Release|Any CPU
		{3F4B9377-DF75-4FC3-8513-72FDC207A058}.Release|iPhoneSimulator.Build.0 = Release|Any CPU
		{3F4B9377-DF75-4FC3-8513-72FDC207A058}.Release|iPhoneSimulator.Deploy.0 = Release|Any CPU
	EndGlobalSection
	GlobalSection(SolutionProperties) = preSolution
		HideSolutionNode = FALSE
	EndGlobalSection
	GlobalSection(ExtensibilityGlobals) = postSolution
		SolutionGuid = {494828F6-C138-422F-9D38-B201E81CF004}
	EndGlobalSection
EndGlobal
